
Microsoft Visual Studio Solution File, Format Version 12.00
# Visual Studio Version 17
VisualStudioVersion = 17.14.36301.6
MinimumVisualStudioVersion = 10.0.40219.1
Project("{FAE04EC0-301F-11D3-BF4B-00C04F79EFBC}") = "ExamAPI", "ExamAPI\ExamAPI.csproj", "{8E92EB8D-DB5F-41BB-9736-24F7DD77B1FD}"
EndProject
Project("{FAE04EC0-301F-11D3-BF4B-00C04F79EFBC}") = "ExamAPI.Tests", "ExamAPI.Tests\ExamAPI.Tests.csproj", "{C4FF71E6-CE32-4DC6-A06A-0BF30E63A084}"
EndProject
Global
	GlobalSection(SolutionConfigurationPlatforms) = preSolution
		Debug|Any CPU = Debug|Any CPU
		Debug|x64 = Debug|x64
		Debug|x86 = Debug|x86
		Release|Any CPU = Release|Any CPU
		Release|x64 = Release|x64
		Release|x86 = Release|x86
	EndGlobalSection
	GlobalSection(ProjectConfigurationPlatforms) = postSolution
		{8E92EB8D-DB5F-41BB-9736-24F7DD77B1FD}.Debug|Any CPU.ActiveCfg = Debug|Any CPU
		{8E92EB8D-DB5F-41BB-9736-24F7DD77B1FD}.Debug|Any CPU.Build.0 = Debug|Any CPU
		{8E92EB8D-DB5F-41BB-9736-24F7DD77B1FD}.Debug|x64.ActiveCfg = Debug|Any CPU
		{8E92EB8D-DB5F-41BB-9736-24F7DD77B1FD}.Debug|x64.Build.0 = Debug|Any CPU
		{8E92EB8D-DB5F-41BB-9736-24F7DD77B1FD}.Debug|x86.ActiveCfg = Debug|Any CPU
		{8E92EB8D-DB5F-41BB-9736-24F7DD77B1FD}.Debug|x86.Build.0 = Debug|Any CPU
		{8E92EB8D-DB5F-41BB-9736-24F7DD77B1FD}.Release|Any CPU.ActiveCfg = Release|Any CPU
		{8E92EB8D-DB5F-41BB-9736-24F7DD77B1FD}.Release|Any CPU.Build.0 = Release|Any CPU
		{8E92EB8D-DB5F-41BB-9736-24F7DD77B1FD}.Release|x64.ActiveCfg = Release|Any CPU
		{8E92EB8D-DB5F-41BB-9736-24F7DD77B1FD}.Release|x64.Build.0 = Release|Any CPU
		{8E92EB8D-DB5F-41BB-9736-24F7DD77B1FD}.Release|x86.ActiveCfg = Release|Any CPU
		{8E92EB8D-DB5F-41BB-9736-24F7DD77B1FD}.Release|x86.Build.0 = Release|Any CPU
		{C4FF71E6-CE32-4DC6-A06A-0BF30E63A084}.Debug|Any CPU.ActiveCfg = Debug|Any CPU
		{C4FF71E6-CE32-4DC6-A06A-0BF30E63A084}.Debug|Any CPU.Build.0 = Debug|Any CPU
		{C4FF71E6-CE32-4DC6-A06A-0BF30E63A084}.Debug|x64.ActiveCfg = Debug|Any CPU
		{C4FF71E6-CE32-4DC6-A06A-0BF30E63A084}.Debug|x64.Build.0 = Debug|Any CPU
		{C4FF71E6-CE32-4DC6-A06A-0BF30E63A084}.Debug|x86.ActiveCfg = Debug|Any CPU
		{C4FF71E6-CE32-4DC6-A06A-0BF30E63A084}.Debug|x86.Build.0 = Debug|Any CPU
		{C4FF71E6-CE32-4DC6-A06A-0BF30E63A084}.Release|Any CPU.ActiveCfg = Release|Any CPU
		{C4FF71E6-CE32-4DC6-A06A-0BF30E63A084}.Release|Any CPU.Build.0 = Release|Any CPU
		{C4FF71E6-CE32-4DC6-A06A-0BF30E63A084}.Release|x64.ActiveCfg = Release|Any CPU
		{C4FF71E6-CE32-4DC6-A06A-0BF30E63A084}.Release|x64.Build.0 = Release|Any CPU
		{C4FF71E6-CE32-4DC6-A06A-0BF30E63A084}.Release|x86.ActiveCfg = Release|Any CPU
		{C4FF71E6-CE32-4DC6-A06A-0BF30E63A084}.Release|x86.Build.0 = Release|Any CPU
	EndGlobalSection
	GlobalSection(SolutionProperties) = preSolution
		HideSolutionNode = FALSE
	EndGlobalSection
	GlobalSection(ExtensibilityGlobals) = postSolution
		SolutionGuid = {3DFFC466-1D30-4667-AAC2-21525659E3D8}
	EndGlobalSection
EndGlobal
